
Microsoft Visual Studio Solution File, Format Version 12.00
# Visual Studio Version 17
VisualStudioVersion = 17.0.32014.148
MinimumVisualStudioVersion = 10.0.40219.1
Project("{FAE04EC0-301F-11D3-BF4B-00C04F79EFBC}") = "ServerClient", "ServerClient\ServerClient.csproj", "{FC7EF9E8-8619-4FBA-961C-666D33FD2840}"
EndProject
Project("{FAE04EC0-301F-11D3-BF4B-00C04F79EFBC}") = "tcp_server", "tcp_server\tcp_server.csproj", "{2BC2B7F5-ABFD-4451-809F-D24263ED132B}"
EndProject
Project("{FAE04EC0-301F-11D3-BF4B-00C04F79EFBC}") = "SharedData", "SharedData\SharedData.csproj", "{1576CA75-2E1E-4BD5-BCD9-CA26256C880C}"
EndProject
Global
	GlobalSection(SolutionConfigurationPlatforms) = preSolution
		Debug|Any CPU = Debug|Any CPU
		Release|Any CPU = Release|Any CPU
	EndGlobalSection
	GlobalSection(ProjectConfigurationPlatforms) = postSolution
		{FC7EF9E8-8619-4FBA-961C-666D33FD2840}.Debug|Any CPU.ActiveCfg = Debug|Any CPU
		{FC7EF9E8-8619-4FBA-961C-666D33FD2840}.Debug|Any CPU.Build.0 = Debug|Any CPU
		{FC7EF9E8-8619-4FBA-961C-666D33FD2840}.Release|Any CPU.ActiveCfg = Release|Any CPU
		{FC7EF9E8-8619-4FBA-961C-666D33FD2840}.Release|Any CPU.Build.0 = Release|Any CPU
		{2BC2B7F5-ABFD-4451-809F-D24263ED132B}.Debug|Any CPU.ActiveCfg = Debug|Any CPU
		{2BC2B7F5-ABFD-4451-809F-D24263ED132B}.Debug|Any CPU.Build.0 = Debug|Any CPU
		{2BC2B7F5-ABFD-4451-809F-D24263ED132B}.Release|Any CPU.ActiveCfg = Release|Any CPU
		{2BC2B7F5-ABFD-4451-809F-D24263ED132B}.Release|Any CPU.Build.0 = Release|Any CPU
		{1576CA75-2E1E-4BD5-BCD9-CA26256C880C}.Debug|Any CPU.ActiveCfg = Debug|Any CPU
		{1576CA75-2E1E-4BD5-BCD9-CA26256C880C}.Debug|Any CPU.Build.0 = Debug|Any CPU
		{1576CA75-2E1E-4BD5-BCD9-CA26256C880C}.Release|Any CPU.ActiveCfg = Release|Any CPU
		{1576CA75-2E1E-4BD5-BCD9-CA26256C880C}.Release|Any CPU.Build.0 = Release|Any CPU
	EndGlobalSection
	GlobalSection(SolutionProperties) = preSolution
		HideSolutionNode = FALSE
	EndGlobalSection
	GlobalSection(ExtensibilityGlobals) = postSolution
		SolutionGuid = {1BDE80CE-4F59-499D-9FB1-6F581ED12023}
	EndGlobalSection
EndGlobal
